// !$*UTF8*$!
{
	archiveVersion = 1;
	classes = {
	};
	objectVersion = 46;
	objects = {

/* Begin PBXBuildFile section */
		B8A9A6E61BFB2EFE00EC8D1A /* LLVM.framework in Frameworks */ = {isa = PBXBuildFile; fileRef = B8A9A6E51BFB2EFE00EC8D1A /* LLVM.framework */; };
		B8A9A6E71BFB2EFE00EC8D1A /* LLVM.framework in Embed Frameworks */ = {isa = PBXBuildFile; fileRef = B8A9A6E51BFB2EFE00EC8D1A /* LLVM.framework */; settings = {ATTRIBUTES = (CodeSignOnCopy, RemoveHeadersOnCopy, ); }; };
		B8A9A6E91BFB354A00EC8D1A /* Codegenable.swift in Sources */ = {isa = PBXBuildFile; fileRef = B8A9A6E81BFB354A00EC8D1A /* Codegenable.swift */; };
		B8A9A6EB1BFB363800EC8D1A /* CodegenContext.swift in Sources */ = {isa = PBXBuildFile; fileRef = B8A9A6EA1BFB363800EC8D1A /* CodegenContext.swift */; };
		B8A9A6EF1BFBE27C00EC8D1A /* Analysis.swift in Sources */ = {isa = PBXBuildFile; fileRef = B8A9A6EE1BFBE27C00EC8D1A /* Analysis.swift */; };
		B8A9A7331BFD976E00EC8D1A /* Error.swift in Sources */ = {isa = PBXBuildFile; fileRef = B8A9A7321BFD976E00EC8D1A /* Error.swift */; };
		B8A9A7371BFDA18800EC8D1A /* EitherExtensions.swift in Sources */ = {isa = PBXBuildFile; fileRef = B8A9A7361BFDA18800EC8D1A /* EitherExtensions.swift */; };
		B8A9A73A1BFDE2D500EC8D1A /* NumberCodegen.swift in Sources */ = {isa = PBXBuildFile; fileRef = B8A9A7391BFDE2D500EC8D1A /* NumberCodegen.swift */; };
		B8A9A73C1BFDE2E100EC8D1A /* VariableCodegen.swift in Sources */ = {isa = PBXBuildFile; fileRef = B8A9A73B1BFDE2E100EC8D1A /* VariableCodegen.swift */; };
		B8A9A73E1BFDE2ED00EC8D1A /* BinaryOperatorCodegen.swift in Sources */ = {isa = PBXBuildFile; fileRef = B8A9A73D1BFDE2ED00EC8D1A /* BinaryOperatorCodegen.swift */; };
		B8A9A7401BFDE2F600EC8D1A /* CallCodegen.swift in Sources */ = {isa = PBXBuildFile; fileRef = B8A9A73F1BFDE2F600EC8D1A /* CallCodegen.swift */; };
		B8A9A7421BFDE30400EC8D1A /* PrototypeCodegen.swift in Sources */ = {isa = PBXBuildFile; fileRef = B8A9A7411BFDE30400EC8D1A /* PrototypeCodegen.swift */; };
		B8A9A7441BFDE31400EC8D1A /* FunctionCodegen.swift in Sources */ = {isa = PBXBuildFile; fileRef = B8A9A7431BFDE31400EC8D1A /* FunctionCodegen.swift */; };
		B8A9A7461BFDE36300EC8D1A /* CodegenUtils.swift in Sources */ = {isa = PBXBuildFile; fileRef = B8A9A7451BFDE36300EC8D1A /* CodegenUtils.swift */; };
		B8A9A7481BFDF84A00EC8D1A /* IO.swift in Sources */ = {isa = PBXBuildFile; fileRef = B8A9A7471BFDF84A00EC8D1A /* IO.swift */; };
		B8A9A74C1BFEE79A00EC8D1A /* MainExpression.swift in Sources */ = {isa = PBXBuildFile; fileRef = B8A9A74B1BFEE79A00EC8D1A /* MainExpression.swift */; };
		B8B97EB21BF018B900CCFC4B /* KaleidoscopeTests.swift in Sources */ = {isa = PBXBuildFile; fileRef = B8B97EB11BF018B900CCFC4B /* KaleidoscopeTests.swift */; };
		B8B97EBD1BF0205400CCFC4B /* Either.framework in Frameworks */ = {isa = PBXBuildFile; fileRef = B8B97EBC1BF0205400CCFC4B /* Either.framework */; };
		B8B97EBE1BF0205400CCFC4B /* Either.framework in Embed Frameworks */ = {isa = PBXBuildFile; fileRef = B8B97EBC1BF0205400CCFC4B /* Either.framework */; settings = {ATTRIBUTES = (CodeSignOnCopy, RemoveHeadersOnCopy, ); }; };
		B8B97EC31BF0206200CCFC4B /* KaleidoscopeLang.framework in Frameworks */ = {isa = PBXBuildFile; fileRef = B8B97EC01BF0206200CCFC4B /* KaleidoscopeLang.framework */; };
		B8B97EC41BF0206200CCFC4B /* KaleidoscopeLang.framework in Embed Frameworks */ = {isa = PBXBuildFile; fileRef = B8B97EC01BF0206200CCFC4B /* KaleidoscopeLang.framework */; settings = {ATTRIBUTES = (CodeSignOnCopy, RemoveHeadersOnCopy, ); }; };
		B8B97EC51BF0206200CCFC4B /* Madness.framework in Frameworks */ = {isa = PBXBuildFile; fileRef = B8B97EC11BF0206200CCFC4B /* Madness.framework */; };
		B8B97EC61BF0206200CCFC4B /* Madness.framework in Embed Frameworks */ = {isa = PBXBuildFile; fileRef = B8B97EC11BF0206200CCFC4B /* Madness.framework */; settings = {ATTRIBUTES = (CodeSignOnCopy, RemoveHeadersOnCopy, ); }; };
		B8B97EC71BF0206200CCFC4B /* Prelude.framework in Frameworks */ = {isa = PBXBuildFile; fileRef = B8B97EC21BF0206200CCFC4B /* Prelude.framework */; };
		B8B97EC81BF0206200CCFC4B /* Prelude.framework in Embed Frameworks */ = {isa = PBXBuildFile; fileRef = B8B97EC21BF0206200CCFC4B /* Prelude.framework */; settings = {ATTRIBUTES = (CodeSignOnCopy, RemoveHeadersOnCopy, ); }; };
		B8B97ECC1BF025C500CCFC4B /* main.swift in Sources */ = {isa = PBXBuildFile; fileRef = B8B97ECB1BF025C500CCFC4B /* main.swift */; };
/* End PBXBuildFile section */

/* Begin PBXContainerItemProxy section */
		B8B97EAE1BF018B900CCFC4B /* PBXContainerItemProxy */ = {
			isa = PBXContainerItemProxy;
			containerPortal = B8B97E961BF018B900CCFC4B /* Project object */;
			proxyType = 1;
			remoteGlobalIDString = B8B97E9D1BF018B900CCFC4B;
			remoteInfo = Kaleidoscope;
		};
/* End PBXContainerItemProxy section */

/* Begin PBXCopyFilesBuildPhase section */
		B8B97EBF1BF0205400CCFC4B /* Embed Frameworks */ = {
			isa = PBXCopyFilesBuildPhase;
			buildActionMask = 2147483647;
			dstPath = "";
			dstSubfolderSpec = 10;
			files = (
				B8B97EBE1BF0205400CCFC4B /* Either.framework in Embed Frameworks */,
				B8B97EC61BF0206200CCFC4B /* Madness.framework in Embed Frameworks */,
				B8B97EC81BF0206200CCFC4B /* Prelude.framework in Embed Frameworks */,
				B8B97EC41BF0206200CCFC4B /* KaleidoscopeLang.framework in Embed Frameworks */,
				B8A9A6E71BFB2EFE00EC8D1A /* LLVM.framework in Embed Frameworks */,
			);
			name = "Embed Frameworks";
			runOnlyForDeploymentPostprocessing = 0;
		};
/* End PBXCopyFilesBuildPhase section */

/* Begin PBXFileReference section */
		B8A9A6E51BFB2EFE00EC8D1A /* LLVM.framework */ = {isa = PBXFileReference; lastKnownFileType = wrapper.framework; name = LLVM.framework; path = ../Carthage/Build/Mac/LLVM.framework; sourceTree = "<group>"; };
		B8A9A6E81BFB354A00EC8D1A /* Codegenable.swift */ = {isa = PBXFileReference; fileEncoding = 4; lastKnownFileType = sourcecode.swift; path = Codegenable.swift; sourceTree = "<group>"; };
		B8A9A6EA1BFB363800EC8D1A /* CodegenContext.swift */ = {isa = PBXFileReference; fileEncoding = 4; lastKnownFileType = sourcecode.swift; path = CodegenContext.swift; sourceTree = "<group>"; };
		B8A9A6EE1BFBE27C00EC8D1A /* Analysis.swift */ = {isa = PBXFileReference; fileEncoding = 4; lastKnownFileType = sourcecode.swift; path = Analysis.swift; sourceTree = "<group>"; };
		B8A9A7321BFD976E00EC8D1A /* Error.swift */ = {isa = PBXFileReference; fileEncoding = 4; lastKnownFileType = sourcecode.swift; path = Error.swift; sourceTree = "<group>"; };
		B8A9A7361BFDA18800EC8D1A /* EitherExtensions.swift */ = {isa = PBXFileReference; fileEncoding = 4; lastKnownFileType = sourcecode.swift; path = EitherExtensions.swift; sourceTree = "<group>"; };
		B8A9A7391BFDE2D500EC8D1A /* NumberCodegen.swift */ = {isa = PBXFileReference; fileEncoding = 4; lastKnownFileType = sourcecode.swift; path = NumberCodegen.swift; sourceTree = "<group>"; };
		B8A9A73B1BFDE2E100EC8D1A /* VariableCodegen.swift */ = {isa = PBXFileReference; fileEncoding = 4; lastKnownFileType = sourcecode.swift; path = VariableCodegen.swift; sourceTree = "<group>"; };
		B8A9A73D1BFDE2ED00EC8D1A /* BinaryOperatorCodegen.swift */ = {isa = PBXFileReference; fileEncoding = 4; lastKnownFileType = sourcecode.swift; path = BinaryOperatorCodegen.swift; sourceTree = "<group>"; };
		B8A9A73F1BFDE2F600EC8D1A /* CallCodegen.swift */ = {isa = PBXFileReference; fileEncoding = 4; lastKnownFileType = sourcecode.swift; path = CallCodegen.swift; sourceTree = "<group>"; };
		B8A9A7411BFDE30400EC8D1A /* PrototypeCodegen.swift */ = {isa = PBXFileReference; fileEncoding = 4; lastKnownFileType = sourcecode.swift; path = PrototypeCodegen.swift; sourceTree = "<group>"; };
		B8A9A7431BFDE31400EC8D1A /* FunctionCodegen.swift */ = {isa = PBXFileReference; fileEncoding = 4; lastKnownFileType = sourcecode.swift; path = FunctionCodegen.swift; sourceTree = "<group>"; };
		B8A9A7451BFDE36300EC8D1A /* CodegenUtils.swift */ = {isa = PBXFileReference; fileEncoding = 4; lastKnownFileType = sourcecode.swift; path = CodegenUtils.swift; sourceTree = "<group>"; };
		B8A9A7471BFDF84A00EC8D1A /* IO.swift */ = {isa = PBXFileReference; fileEncoding = 4; lastKnownFileType = sourcecode.swift; path = IO.swift; sourceTree = "<group>"; };
		B8A9A74B1BFEE79A00EC8D1A /* MainExpression.swift */ = {isa = PBXFileReference; fileEncoding = 4; lastKnownFileType = sourcecode.swift; path = MainExpression.swift; sourceTree = "<group>"; };
		B8B97E9E1BF018B900CCFC4B /* kaleidoscope.app */ = {isa = PBXFileReference; explicitFileType = wrapper.application; includeInIndex = 0; path = kaleidoscope.app; sourceTree = BUILT_PRODUCTS_DIR; };
		B8B97EA81BF018B900CCFC4B /* Info.plist */ = {isa = PBXFileReference; lastKnownFileType = text.plist.xml; path = Info.plist; sourceTree = "<group>"; };
		B8B97EAD1BF018B900CCFC4B /* KaleidoscopeTests.xctest */ = {isa = PBXFileReference; explicitFileType = wrapper.cfbundle; includeInIndex = 0; path = KaleidoscopeTests.xctest; sourceTree = BUILT_PRODUCTS_DIR; };
		B8B97EB11BF018B900CCFC4B /* KaleidoscopeTests.swift */ = {isa = PBXFileReference; lastKnownFileType = sourcecode.swift; path = KaleidoscopeTests.swift; sourceTree = "<group>"; };
		B8B97EB31BF018B900CCFC4B /* Info.plist */ = {isa = PBXFileReference; lastKnownFileType = text.plist.xml; path = Info.plist; sourceTree = "<group>"; };
		B8B97EBC1BF0205400CCFC4B /* Either.framework */ = {isa = PBXFileReference; lastKnownFileType = wrapper.framework; name = Either.framework; path = ../Carthage/Build/Mac/Either.framework; sourceTree = "<group>"; };
		B8B97EC01BF0206200CCFC4B /* KaleidoscopeLang.framework */ = {isa = PBXFileReference; lastKnownFileType = wrapper.framework; name = KaleidoscopeLang.framework; path = ../Carthage/Build/Mac/KaleidoscopeLang.framework; sourceTree = "<group>"; };
		B8B97EC11BF0206200CCFC4B /* Madness.framework */ = {isa = PBXFileReference; lastKnownFileType = wrapper.framework; name = Madness.framework; path = ../Carthage/Build/Mac/Madness.framework; sourceTree = "<group>"; };
		B8B97EC21BF0206200CCFC4B /* Prelude.framework */ = {isa = PBXFileReference; lastKnownFileType = wrapper.framework; name = Prelude.framework; path = ../Carthage/Build/Mac/Prelude.framework; sourceTree = "<group>"; };
		B8B97ECB1BF025C500CCFC4B /* main.swift */ = {isa = PBXFileReference; fileEncoding = 4; lastKnownFileType = sourcecode.swift; path = main.swift; sourceTree = "<group>"; };
		B8E0AB511BF07308002B5C8B /* Kaleidoscope.xcconfig */ = {isa = PBXFileReference; lastKnownFileType = text.xcconfig; path = Kaleidoscope.xcconfig; sourceTree = "<group>"; };
		B8E0AB521BF074B1002B5C8B /* Common.xcconfig */ = {isa = PBXFileReference; lastKnownFileType = text.xcconfig; path = Common.xcconfig; sourceTree = "<group>"; };
		B8E0AB531BF0764F002B5C8B /* Release.xcconfig */ = {isa = PBXFileReference; lastKnownFileType = text.xcconfig; path = Release.xcconfig; sourceTree = "<group>"; };
		B8E0AB541BF07657002B5C8B /* Debug.xcconfig */ = {isa = PBXFileReference; lastKnownFileType = text.xcconfig; path = Debug.xcconfig; sourceTree = "<group>"; };
		B8E0AB851BF08082002B5C8B /* Application-Common.xcconfig */ = {isa = PBXFileReference; lastKnownFileType = text.xcconfig; path = "Application-Common.xcconfig"; sourceTree = "<group>"; };
/* End PBXFileReference section */

/* Begin PBXFrameworksBuildPhase section */
		B8B97E9B1BF018B900CCFC4B /* Frameworks */ = {
			isa = PBXFrameworksBuildPhase;
			buildActionMask = 2147483647;
			files = (
				B8B97EBD1BF0205400CCFC4B /* Either.framework in Frameworks */,
				B8B97EC51BF0206200CCFC4B /* Madness.framework in Frameworks */,
				B8B97EC71BF0206200CCFC4B /* Prelude.framework in Frameworks */,
				B8B97EC31BF0206200CCFC4B /* KaleidoscopeLang.framework in Frameworks */,
				B8A9A6E61BFB2EFE00EC8D1A /* LLVM.framework in Frameworks */,
			);
			runOnlyForDeploymentPostprocessing = 0;
		};
		B8B97EAA1BF018B900CCFC4B /* Frameworks */ = {
			isa = PBXFrameworksBuildPhase;
			buildActionMask = 2147483647;
			files = (
			);
			runOnlyForDeploymentPostprocessing = 0;
		};
/* End PBXFrameworksBuildPhase section */

/* Begin PBXGroup section */
		B8A9A7381BFDE2BA00EC8D1A /* Codegen */ = {
			isa = PBXGroup;
			children = (
				B8A9A7451BFDE36300EC8D1A /* CodegenUtils.swift */,
				B8A9A7391BFDE2D500EC8D1A /* NumberCodegen.swift */,
				B8A9A73B1BFDE2E100EC8D1A /* VariableCodegen.swift */,
				B8A9A73D1BFDE2ED00EC8D1A /* BinaryOperatorCodegen.swift */,
				B8A9A73F1BFDE2F600EC8D1A /* CallCodegen.swift */,
				B8A9A7411BFDE30400EC8D1A /* PrototypeCodegen.swift */,
				B8A9A7431BFDE31400EC8D1A /* FunctionCodegen.swift */,
			);
			path = Codegen;
			sourceTree = "<group>";
		};
		B8B97E951BF018B900CCFC4B = {
			isa = PBXGroup;
			children = (
				B8B97EA01BF018B900CCFC4B /* Kaleidoscope */,
				B8B97EB01BF018B900CCFC4B /* KaleidoscopeTests */,
				B8E0AB501BF072B5002B5C8B /* Configuration */,
				B8B97E9F1BF018B900CCFC4B /* Products */,
			);
			sourceTree = "<group>";
		};
		B8B97E9F1BF018B900CCFC4B /* Products */ = {
			isa = PBXGroup;
			children = (
				B8B97E9E1BF018B900CCFC4B /* kaleidoscope.app */,
				B8B97EAD1BF018B900CCFC4B /* KaleidoscopeTests.xctest */,
			);
			name = Products;
			sourceTree = "<group>";
		};
		B8B97EA01BF018B900CCFC4B /* Kaleidoscope */ = {
			isa = PBXGroup;
			children = (
				B8B97ECB1BF025C500CCFC4B /* main.swift */,
				B8A9A6E81BFB354A00EC8D1A /* Codegenable.swift */,
				B8A9A6EA1BFB363800EC8D1A /* CodegenContext.swift */,
				B8A9A74B1BFEE79A00EC8D1A /* MainExpression.swift */,
				B8A9A7381BFDE2BA00EC8D1A /* Codegen */,
				B8A9A6EE1BFBE27C00EC8D1A /* Analysis.swift */,
				B8A9A7321BFD976E00EC8D1A /* Error.swift */,
				B8A9A7361BFDA18800EC8D1A /* EitherExtensions.swift */,
				B8A9A7471BFDF84A00EC8D1A /* IO.swift */,
				B8B97ECA1BF0207C00CCFC4B /* Supporting Files */,
			);
			path = Kaleidoscope;
			sourceTree = "<group>";
		};
		B8B97EB01BF018B900CCFC4B /* KaleidoscopeTests */ = {
			isa = PBXGroup;
			children = (
				B8B97EB11BF018B900CCFC4B /* KaleidoscopeTests.swift */,
				B8B97EB31BF018B900CCFC4B /* Info.plist */,
			);
			path = KaleidoscopeTests;
			sourceTree = "<group>";
		};
		B8B97ECA1BF0207C00CCFC4B /* Supporting Files */ = {
			isa = PBXGroup;
			children = (
				B8B97EC01BF0206200CCFC4B /* KaleidoscopeLang.framework */,
				B8B97EC11BF0206200CCFC4B /* Madness.framework */,
				B8B97EC21BF0206200CCFC4B /* Prelude.framework */,
				B8B97EBC1BF0205400CCFC4B /* Either.framework */,
				B8A9A6E51BFB2EFE00EC8D1A /* LLVM.framework */,
				B8B97EA81BF018B900CCFC4B /* Info.plist */,
			);
			name = "Supporting Files";
			sourceTree = "<group>";
		};
		B8E0AB501BF072B5002B5C8B /* Configuration */ = {
			isa = PBXGroup;
			children = (
				B8E0AB511BF07308002B5C8B /* Kaleidoscope.xcconfig */,
				B8E0AB851BF08082002B5C8B /* Application-Common.xcconfig */,
				B8E0AB521BF074B1002B5C8B /* Common.xcconfig */,
				B8E0AB531BF0764F002B5C8B /* Release.xcconfig */,
				B8E0AB541BF07657002B5C8B /* Debug.xcconfig */,
			);
			path = Configuration;
			sourceTree = "<group>";
		};
/* End PBXGroup section */

/* Begin PBXNativeTarget section */
		B8B97E9D1BF018B900CCFC4B /* Kaleidoscope */ = {
			isa = PBXNativeTarget;
			buildConfigurationList = B8B97EB61BF018B900CCFC4B /* Build configuration list for PBXNativeTarget "Kaleidoscope" */;
			buildPhases = (
				B8B97E9A1BF018B900CCFC4B /* Sources */,
				B8B97E9B1BF018B900CCFC4B /* Frameworks */,
				B8B97E9C1BF018B900CCFC4B /* Resources */,
				B8B97EBF1BF0205400CCFC4B /* Embed Frameworks */,
			);
			buildRules = (
			);
			dependencies = (
			);
			name = Kaleidoscope;
			productName = Kaleidoscope;
			productReference = B8B97E9E1BF018B900CCFC4B /* kaleidoscope.app */;
			productType = "com.apple.product-type.application";
		};
		B8B97EAC1BF018B900CCFC4B /* KaleidoscopeTests */ = {
			isa = PBXNativeTarget;
			buildConfigurationList = B8B97EB91BF018B900CCFC4B /* Build configuration list for PBXNativeTarget "KaleidoscopeTests" */;
			buildPhases = (
				B8B97EA91BF018B900CCFC4B /* Sources */,
				B8B97EAA1BF018B900CCFC4B /* Frameworks */,
				B8B97EAB1BF018B900CCFC4B /* Resources */,
			);
			buildRules = (
			);
			dependencies = (
				B8B97EAF1BF018B900CCFC4B /* PBXTargetDependency */,
			);
			name = KaleidoscopeTests;
			productName = KaleidoscopeTests;
			productReference = B8B97EAD1BF018B900CCFC4B /* KaleidoscopeTests.xctest */;
			productType = "com.apple.product-type.bundle.unit-test";
		};
/* End PBXNativeTarget section */

/* Begin PBXProject section */
		B8B97E961BF018B900CCFC4B /* Project object */ = {
			isa = PBXProject;
			attributes = {
				LastSwiftUpdateCheck = 0710;
				LastUpgradeCheck = 0710;
				ORGANIZATIONNAME = "Ben Cochran";
				TargetAttributes = {
					B8B97E9D1BF018B900CCFC4B = {
						CreatedOnToolsVersion = 7.1;
					};
					B8B97EAC1BF018B900CCFC4B = {
						CreatedOnToolsVersion = 7.1;
						TestTargetID = B8B97E9D1BF018B900CCFC4B;
					};
				};
			};
			buildConfigurationList = B8B97E991BF018B900CCFC4B /* Build configuration list for PBXProject "Kaleidoscope" */;
			compatibilityVersion = "Xcode 3.2";
			developmentRegion = English;
			hasScannedForEncodings = 0;
			knownRegions = (
				en,
				Base,
			);
			mainGroup = B8B97E951BF018B900CCFC4B;
			productRefGroup = B8B97E9F1BF018B900CCFC4B /* Products */;
			projectDirPath = "";
			projectRoot = "";
			targets = (
				B8B97E9D1BF018B900CCFC4B /* Kaleidoscope */,
				B8B97EAC1BF018B900CCFC4B /* KaleidoscopeTests */,
			);
		};
/* End PBXProject section */

/* Begin PBXResourcesBuildPhase section */
		B8B97E9C1BF018B900CCFC4B /* Resources */ = {
			isa = PBXResourcesBuildPhase;
			buildActionMask = 2147483647;
			files = (
			);
			runOnlyForDeploymentPostprocessing = 0;
		};
		B8B97EAB1BF018B900CCFC4B /* Resources */ = {
			isa = PBXResourcesBuildPhase;
			buildActionMask = 2147483647;
			files = (
			);
			runOnlyForDeploymentPostprocessing = 0;
		};
/* End PBXResourcesBuildPhase section */

/* Begin PBXSourcesBuildPhase section */
		B8B97E9A1BF018B900CCFC4B /* Sources */ = {
			isa = PBXSourcesBuildPhase;
			buildActionMask = 2147483647;
			files = (
				B8A9A6EB1BFB363800EC8D1A /* CodegenContext.swift in Sources */,
				B8A9A7461BFDE36300EC8D1A /* CodegenUtils.swift in Sources */,
				B8A9A73C1BFDE2E100EC8D1A /* VariableCodegen.swift in Sources */,
				B8A9A74C1BFEE79A00EC8D1A /* MainExpression.swift in Sources */,
				B8B97ECC1BF025C500CCFC4B /* main.swift in Sources */,
				B8A9A7421BFDE30400EC8D1A /* PrototypeCodegen.swift in Sources */,
				B8A9A7481BFDF84A00EC8D1A /* IO.swift in Sources */,
				B8A9A7401BFDE2F600EC8D1A /* CallCodegen.swift in Sources */,
				B8A9A73E1BFDE2ED00EC8D1A /* BinaryOperatorCodegen.swift in Sources */,
				B8A9A7371BFDA18800EC8D1A /* EitherExtensions.swift in Sources */,
				B8A9A7441BFDE31400EC8D1A /* FunctionCodegen.swift in Sources */,
				B8A9A73A1BFDE2D500EC8D1A /* NumberCodegen.swift in Sources */,
				B8A9A6E91BFB354A00EC8D1A /* Codegenable.swift in Sources */,
				B8A9A7331BFD976E00EC8D1A /* Error.swift in Sources */,
				B8A9A6EF1BFBE27C00EC8D1A /* Analysis.swift in Sources */,
			);
			runOnlyForDeploymentPostprocessing = 0;
		};
		B8B97EA91BF018B900CCFC4B /* Sources */ = {
			isa = PBXSourcesBuildPhase;
			buildActionMask = 2147483647;
			files = (
				B8B97EB21BF018B900CCFC4B /* KaleidoscopeTests.swift in Sources */,
			);
			runOnlyForDeploymentPostprocessing = 0;
		};
/* End PBXSourcesBuildPhase section */

/* Begin PBXTargetDependency section */
		B8B97EAF1BF018B900CCFC4B /* PBXTargetDependency */ = {
			isa = PBXTargetDependency;
			target = B8B97E9D1BF018B900CCFC4B /* Kaleidoscope */;
			targetProxy = B8B97EAE1BF018B900CCFC4B /* PBXContainerItemProxy */;
		};
/* End PBXTargetDependency section */

/* Begin XCBuildConfiguration section */
		B8B97EB41BF018B900CCFC4B /* Debug */ = {
			isa = XCBuildConfiguration;
			baseConfigurationReference = B8E0AB541BF07657002B5C8B /* Debug.xcconfig */;
			buildSettings = {
			};
			name = Debug;
		};
		B8B97EB51BF018B900CCFC4B /* Release */ = {
			isa = XCBuildConfiguration;
			baseConfigurationReference = B8E0AB531BF0764F002B5C8B /* Release.xcconfig */;
			buildSettings = {
			};
			name = Release;
		};
		B8B97EB71BF018B900CCFC4B /* Debug */ = {
			isa = XCBuildConfiguration;
			baseConfigurationReference = B8E0AB511BF07308002B5C8B /* Kaleidoscope.xcconfig */;
			buildSettings = {
			};
			name = Debug;
		};
		B8B97EB81BF018B900CCFC4B /* Release */ = {
			isa = XCBuildConfiguration;
			baseConfigurationReference = B8E0AB511BF07308002B5C8B /* Kaleidoscope.xcconfig */;
			buildSettings = {
			};
			name = Release;
		};
		B8B97EBA1BF018B900CCFC4B /* Debug */ = {
			isa = XCBuildConfiguration;
			buildSettings = {
				BUNDLE_LOADER = "$(TEST_HOST)";
				COMBINE_HIDPI_IMAGES = YES;
				INFOPLIST_FILE = KaleidoscopeTests/Info.plist;
				LD_RUNPATH_SEARCH_PATHS = "$(inherited) @executable_path/../Frameworks @loader_path/../Frameworks";
				PRODUCT_BUNDLE_IDENTIFIER = com.bencochran.KaleidoscopeTests;
				PRODUCT_NAME = "$(TARGET_NAME)";
				TEST_HOST = "$(BUILT_PRODUCTS_DIR)/Kaleidoscope.app/Contents/MacOS/Kaleidoscope";
			};
			name = Debug;
		};
		B8B97EBB1BF018B900CCFC4B /* Release */ = {
			isa = XCBuildConfiguration;
			buildSettings = {
				BUNDLE_LOADER = "$(TEST_HOST)";
				COMBINE_HIDPI_IMAGES = YES;
				INFOPLIST_FILE = KaleidoscopeTests/Info.plist;
				LD_RUNPATH_SEARCH_PATHS = "$(inherited) @executable_path/../Frameworks @loader_path/../Frameworks";
				PRODUCT_BUNDLE_IDENTIFIER = com.bencochran.KaleidoscopeTests;
				PRODUCT_NAME = "$(TARGET_NAME)";
				TEST_HOST = "$(BUILT_PRODUCTS_DIR)/Kaleidoscope.app/Contents/MacOS/Kaleidoscope";
			};
			name = Release;
		};
/* End XCBuildConfiguration section */

/* Begin XCConfigurationList section */
		B8B97E991BF018B900CCFC4B /* Build configuration list for PBXProject "Kaleidoscope" */ = {
			isa = XCConfigurationList;
			buildConfigurations = (
				B8B97EB41BF018B900CCFC4B /* Debug */,
				B8B97EB51BF018B900CCFC4B /* Release */,
			);
			defaultConfigurationIsVisible = 0;
			defaultConfigurationName = Release;
		};
		B8B97EB61BF018B900CCFC4B /* Build configuration list for PBXNativeTarget "Kaleidoscope" */ = {
			isa = XCConfigurationList;
			buildConfigurations = (
				B8B97EB71BF018B900CCFC4B /* Debug */,
				B8B97EB81BF018B900CCFC4B /* Release */,
			);
			defaultConfigurationIsVisible = 0;
			defaultConfigurationName = Release;
		};
		B8B97EB91BF018B900CCFC4B /* Build configuration list for PBXNativeTarget "KaleidoscopeTests" */ = {
			isa = XCConfigurationList;
			buildConfigurations = (
				B8B97EBA1BF018B900CCFC4B /* Debug */,
				B8B97EBB1BF018B900CCFC4B /* Release */,
			);
			defaultConfigurationIsVisible = 0;
			defaultConfigurationName = Release;
		};
/* End XCConfigurationList section */
	};
	rootObject = B8B97E961BF018B900CCFC4B /* Project object */;
}
